{
  "name": "web-app-restaurant",
  "lockfileVersion": 3,
  "requires": true,
  "packages": {
    "": {
      "dependencies": {
        "yet-another-react-lightbox": "^3.21.7"
      }
    },
    "node_modules/yet-another-react-lightbox": {
      "version": "3.21.7",
      "resolved": "https://registry.npmjs.org/yet-another-react-lightbox/-/yet-another-react-lightbox-3.21.7.tgz",
      "integrity": "sha512-dcdokNuCIl92f0Vl+uzeKULnQhztIGpoZFUMvtVNUPmtwsQWpqWufeieDPeg9JtFyVCcbj4vYw3V00DS0QNoWA==",
      "license": "MIT",
      "engines": {
        "node": ">=14"
      },
      "peerDependencies": {
        "react": ">=16.8.0",
        "react-dom": ">=16.8.0"
      }
    }
  }
}
